// !$*UTF8*$!
{
	archiveVersion = 1;
	classes = {
	};
	objectVersion = 48;
	objects = {

/* Begin PBXBuildFile section */
		FA1EED971F9A433E00EAD0A3 /* Main.storyboard in Resources */ = {isa = PBXBuildFile; fileRef = FA1EED951F9A433E00EAD0A3 /* Main.storyboard */; };
		FA1EED9A1F9A438C00EAD0A3 /* MainVC.swift in Sources */ = {isa = PBXBuildFile; fileRef = FA1EED991F9A438C00EAD0A3 /* MainVC.swift */; };
		FA1EEDA01F9A44B400EAD0A3 /* StuffToDO.xcdatamodeld in Sources */ = {isa = PBXBuildFile; fileRef = FA1EED9E1F9A44B400EAD0A3 /* StuffToDO.xcdatamodeld */; };
		FA4B110C1F9A41AC00F9C7AC /* AppDelegate.swift in Sources */ = {isa = PBXBuildFile; fileRef = FA4B110B1F9A41AC00F9C7AC /* AppDelegate.swift */; };
		FA4B11161F9A41AD00F9C7AC /* Assets.xcassets in Resources */ = {isa = PBXBuildFile; fileRef = FA4B11151F9A41AD00F9C7AC /* Assets.xcassets */; };
		FA4B11191F9A41AD00F9C7AC /* LaunchScreen.storyboard in Resources */ = {isa = PBXBuildFile; fileRef = FA4B11171F9A41AD00F9C7AC /* LaunchScreen.storyboard */; };
/* End PBXBuildFile section */

/* Begin PBXFileReference section */
		FA1EED961F9A433E00EAD0A3 /* Base */ = {isa = PBXFileReference; lastKnownFileType = file.storyboard; name = Base; path = Base.lproj/Main.storyboard; sourceTree = "<group>"; };
		FA1EED991F9A438C00EAD0A3 /* MainVC.swift */ = {isa = PBXFileReference; lastKnownFileType = sourcecode.swift; path = MainVC.swift; sourceTree = "<group>"; };
		FA1EED9F1F9A44B400EAD0A3 /* ToDoBot.xcdatamodel */ = {isa = PBXFileReference; lastKnownFileType = wrapper.xcdatamodel; path = ToDoBot.xcdatamodel; sourceTree = "<group>"; };
		FA4B11081F9A41AC00F9C7AC /* StuffToDO.app */ = {isa = PBXFileReference; explicitFileType = wrapper.application; includeInIndex = 0; path = StuffToDO.app; sourceTree = BUILT_PRODUCTS_DIR; };
		FA4B110B1F9A41AC00F9C7AC /* AppDelegate.swift */ = {isa = PBXFileReference; lastKnownFileType = sourcecode.swift; path = AppDelegate.swift; sourceTree = "<group>"; };
		FA4B11151F9A41AD00F9C7AC /* Assets.xcassets */ = {isa = PBXFileReference; lastKnownFileType = folder.assetcatalog; path = Assets.xcassets; sourceTree = "<group>"; };
		FA4B11181F9A41AD00F9C7AC /* Base */ = {isa = PBXFileReference; lastKnownFileType = file.storyboard; name = Base; path = Base.lproj/LaunchScreen.storyboard; sourceTree = "<group>"; };
		FA4B111A1F9A41AD00F9C7AC /* Info.plist */ = {isa = PBXFileReference; lastKnownFileType = text.plist.xml; path = Info.plist; sourceTree = "<group>"; };
/* End PBXFileReference section */

/* Begin PBXFrameworksBuildPhase section */
		FA4B11051F9A41AC00F9C7AC /* Frameworks */ = {
			isa = PBXFrameworksBuildPhase;
			buildActionMask = 2147483647;
			files = (
			);
			runOnlyForDeploymentPostprocessing = 0;
		};
/* End PBXFrameworksBuildPhase section */

/* Begin PBXGroup section */
		FA1EED981F9A437100EAD0A3 /* Controller */ = {
			isa = PBXGroup;
			children = (
				FA1EED991F9A438C00EAD0A3 /* MainVC.swift */,
			);
			path = Controller;
			sourceTree = "<group>";
		};
		FA4B10FF1F9A41AC00F9C7AC = {
			isa = PBXGroup;
			children = (
				FA4B110A1F9A41AC00F9C7AC /* StuffToDO */,
				FA4B11091F9A41AC00F9C7AC /* Products */,
			);
			sourceTree = "<group>";
		};
		FA4B11091F9A41AC00F9C7AC /* Products */ = {
			isa = PBXGroup;
			children = (
				FA4B11081F9A41AC00F9C7AC /* StuffToDO.app */,
			);
			name = Products;
			sourceTree = "<group>";
		};
		FA4B110A1F9A41AC00F9C7AC /* StuffToDO */ = {
			isa = PBXGroup;
			children = (
				FA1EED9E1F9A44B400EAD0A3 /* StuffToDO.xcdatamodeld */,
				FA1EED981F9A437100EAD0A3 /* Controller */,
				FA1EED951F9A433E00EAD0A3 /* Main.storyboard */,
				FA4B110B1F9A41AC00F9C7AC /* AppDelegate.swift */,
				FA4B11151F9A41AD00F9C7AC /* Assets.xcassets */,
				FA4B11171F9A41AD00F9C7AC /* LaunchScreen.storyboard */,
				FA4B111A1F9A41AD00F9C7AC /* Info.plist */,
			);
			path = StuffToDO;
			sourceTree = "<group>";
		};
/* End PBXGroup section */

/* Begin PBXNativeTarget section */
		FA4B11071F9A41AC00F9C7AC /* StuffToDO */ = {
			isa = PBXNativeTarget;
			buildConfigurationList = FA4B111D1F9A41AD00F9C7AC /* Build configuration list for PBXNativeTarget "StuffToDO" */;
			buildPhases = (
				FA4B11041F9A41AC00F9C7AC /* Sources */,
				FA4B11051F9A41AC00F9C7AC /* Frameworks */,
				FA4B11061F9A41AC00F9C7AC /* Resources */,
			);
			buildRules = (
			);
			dependencies = (
			);
			name = StuffToDO;
			productName = StuffToDO;
			productReference = FA4B11081F9A41AC00F9C7AC /* StuffToDO.app */;
			productType = "com.apple.product-type.application";
		};
/* End PBXNativeTarget section */

/* Begin PBXProject section */
		FA4B11001F9A41AC00F9C7AC /* Project object */ = {
			isa = PBXProject;
			attributes = {
				LastSwiftUpdateCheck = 0900;
				LastUpgradeCheck = 0900;
				ORGANIZATIONNAME = coutocode;
				TargetAttributes = {
					FA4B11071F9A41AC00F9C7AC = {
						CreatedOnToolsVersion = 9.0;
						ProvisioningStyle = Automatic;
					};
				};
			};
			buildConfigurationList = FA4B11031F9A41AC00F9C7AC /* Build configuration list for PBXProject "StuffToDO" */;
			compatibilityVersion = "Xcode 8.0";
			developmentRegion = en;
			hasScannedForEncodings = 0;
			knownRegions = (
				en,
				Base,
			);
			mainGroup = FA4B10FF1F9A41AC00F9C7AC;
			productRefGroup = FA4B11091F9A41AC00F9C7AC /* Products */;
			projectDirPath = "";
			projectRoot = "";
			targets = (
				FA4B11071F9A41AC00F9C7AC /* StuffToDO */,
			);
		};
/* End PBXProject section */

/* Begin PBXResourcesBuildPhase section */
		FA4B11061F9A41AC00F9C7AC /* Resources */ = {
			isa = PBXResourcesBuildPhase;
			buildActionMask = 2147483647;
			files = (
				FA1EED971F9A433E00EAD0A3 /* Main.storyboard in Resources */,
				FA4B11191F9A41AD00F9C7AC /* LaunchScreen.storyboard in Resources */,
				FA4B11161F9A41AD00F9C7AC /* Assets.xcassets in Resources */,
			);
			runOnlyForDeploymentPostprocessing = 0;
		};
/* End PBXResourcesBuildPhase section */

/* Begin PBXSourcesBuildPhase section */
		FA4B11041F9A41AC00F9C7AC /* Sources */ = {
			isa = PBXSourcesBuildPhase;
			buildActionMask = 2147483647;
			files = (
				FA1EEDA01F9A44B400EAD0A3 /* StuffToDO.xcdatamodeld in Sources */,
				FA4B110C1F9A41AC00F9C7AC /* AppDelegate.swift in Sources */,
				FA1EED9A1F9A438C00EAD0A3 /* MainVC.swift in Sources */,
			);
			runOnlyForDeploymentPostprocessing = 0;
		};
/* End PBXSourcesBuildPhase section */

/* Begin PBXVariantGroup section */
		FA1EED951F9A433E00EAD0A3 /* Main.storyboard */ = {
			isa = PBXVariantGroup;
			children = (
				FA1EED961F9A433E00EAD0A3 /* Base */,
			);
			name = Main.storyboard;
			sourceTree = "<group>";
		};
		FA4B11171F9A41AD00F9C7AC /* LaunchScreen.storyboard */ = {
			isa = PBXVariantGroup;
			children = (
				FA4B11181F9A41AD00F9C7AC /* Base */,
			);
			name = LaunchScreen.storyboard;
			sourceTree = "<group>";
		};
/* End PBXVariantGroup section */

/* Begin XCBuildConfiguration section */
		FA4B111B1F9A41AD00F9C7AC /* Debug */ = {
			isa = XCBuildConfiguration;
			buildSettings = {
				ALWAYS_SEARCH_USER_PATHS = NO;
				CLANG_ANALYZER_NONNULL = YES;
				CLANG_ANALYZER_NUMBER_OBJECT_CONVERSION = YES_AGGRESSIVE;
				CLANG_CXX_LANGUAGE_STANDARD = "gnu++14";
				CLANG_CXX_LIBRARY = "libc++";
				CLANG_ENABLE_MODULES = YES;
				CLANG_ENABLE_OBJC_ARC = YES;
				CLANG_WARN_BLOCK_CAPTURE_AUTORELEASING = YES;
				CLANG_WARN_BOOL_CONVERSION = YES;
				CLANG_WARN_COMMA = YES;
				CLANG_WARN_CONSTANT_CONVERSION = YES;
				CLANG_WARN_DIRECT_OBJC_ISA_USAGE = YES_ERROR;
				CLANG_WARN_DOCUMENTATION_COMMENTS = YES;
				CLANG_WARN_EMPTY_BODY = YES;
				CLANG_WARN_ENUM_CONVERSION = YES;
				CLANG_WARN_INFINITE_RECURSION = YES;
				CLANG_WARN_INT_CONVERSION = YES;
				CLANG_WARN_NON_LITERAL_NULL_CONVERSION = YES;
				CLANG_WARN_OBJC_LITERAL_CONVERSION = YES;
				CLANG_WARN_OBJC_ROOT_CLASS = YES_ERROR;
				CLANG_WARN_RANGE_LOOP_ANALYSIS = YES;
				CLANG_WARN_STRICT_PROTOTYPES = YES;
				CLANG_WARN_SUSPICIOUS_MOVE = YES;
				CLANG_WARN_UNGUARDED_AVAILABILITY = YES_AGGRESSIVE;
				CLANG_WARN_UNREACHABLE_CODE = YES;
				CLANG_WARN__DUPLICATE_METHOD_MATCH = YES;
				CODE_SIGN_IDENTITY = "iPhone Developer";
				COPY_PHASE_STRIP = NO;
				DEBUG_INFORMATION_FORMAT = dwarf;
				ENABLE_STRICT_OBJC_MSGSEND = YES;
				ENABLE_TESTABILITY = YES;
				GCC_C_LANGUAGE_STANDARD = gnu11;
				GCC_DYNAMIC_NO_PIC = NO;
				GCC_NO_COMMON_BLOCKS = YES;
				GCC_OPTIMIZATION_LEVEL = 0;
				GCC_PREPROCESSOR_DEFINITIONS = (
					"DEBUG=1",
					"$(inherited)",
				);
				GCC_WARN_64_TO_32_BIT_CONVERSION = YES;
				GCC_WARN_ABOUT_RETURN_TYPE = YES_ERROR;
				GCC_WARN_UNDECLARED_SELECTOR = YES;
				GCC_WARN_UNINITIALIZED_AUTOS = YES_AGGRESSIVE;
				GCC_WARN_UNUSED_FUNCTION = YES;
				GCC_WARN_UNUSED_VARIABLE = YES;
				IPHONEOS_DEPLOYMENT_TARGET = 11.0;
				MTL_ENABLE_DEBUG_INFO = YES;
				ONLY_ACTIVE_ARCH = YES;
				SDKROOT = iphoneos;
				SWIFT_ACTIVE_COMPILATION_CONDITIONS = DEBUG;
				SWIFT_OPTIMIZATION_LEVEL = "-Onone";
			};
			name = Debug;
		};
		FA4B111C1F9A41AD00F9C7AC /* Release */ = {
			isa = XCBuildConfiguration;
			buildSettings = {
				ALWAYS_SEARCH_USER_PATHS = NO;
				CLANG_ANALYZER_NONNULL = YES;
				CLANG_ANALYZER_NUMBER_OBJECT_CONVERSION = YES_AGGRESSIVE;
				CLANG_CXX_LANGUAGE_STANDARD = "gnu++14";
				CLANG_CXX_LIBRARY = "libc++";
				CLANG_ENABLE_MODULES = YES;
				CLANG_ENABLE_OBJC_ARC = YES;
				CLANG_WARN_BLOCK_CAPTURE_AUTORELEASING = YES;
				CLANG_WARN_BOOL_CONVERSION = YES;
				CLANG_WARN_COMMA = YES;
				CLANG_WARN_CONSTANT_CONVERSION = YES;
				CLANG_WARN_DIRECT_OBJC_ISA_USAGE = YES_ERROR;
				CLANG_WARN_DOCUMENTATION_COMMENTS = YES;
				CLANG_WARN_EMPTY_BODY = YES;
				CLANG_WARN_ENUM_CONVERSION = YES;
				CLANG_WARN_INFINITE_RECURSION = YES;
				CLANG_WARN_INT_CONVERSION = YES;
				CLANG_WARN_NON_LITERAL_NULL_CONVERSION = YES;
				CLANG_WARN_OBJC_LITERAL_CONVERSION = YES;
				CLANG_WARN_OBJC_ROOT_CLASS = YES_ERROR;
				CLANG_WARN_RANGE_LOOP_ANALYSIS = YES;
				CLANG_WARN_STRICT_PROTOTYPES = YES;
				CLANG_WARN_SUSPICIOUS_MOVE = YES;
				CLANG_WARN_UNGUARDED_AVAILABILITY = YES_AGGRESSIVE;
				CLANG_WARN_UNREACHABLE_CODE = YES;
				CLANG_WARN__DUPLICATE_METHOD_MATCH = YES;
				CODE_SIGN_IDENTITY = "iPhone Developer";
				COPY_PHASE_STRIP = NO;
				DEBUG_INFORMATION_FORMAT = "dwarf-with-dsym";
				ENABLE_NS_ASSERTIONS = NO;
				ENABLE_STRICT_OBJC_MSGSEND = YES;
				GCC_C_LANGUAGE_STANDARD = gnu11;
				GCC_NO_COMMON_BLOCKS = YES;
				GCC_WARN_64_TO_32_BIT_CONVERSION = YES;
				GCC_WARN_ABOUT_RETURN_TYPE = YES_ERROR;
				GCC_WARN_UNDECLARED_SELECTOR = YES;
				GCC_WARN_UNINITIALIZED_AUTOS = YES_AGGRESSIVE;
				GCC_WARN_UNUSED_FUNCTION = YES;
				GCC_WARN_UNUSED_VARIABLE = YES;
				IPHONEOS_DEPLOYMENT_TARGET = 11.0;
				MTL_ENABLE_DEBUG_INFO = NO;
				SDKROOT = iphoneos;
				SWIFT_OPTIMIZATION_LEVEL = "-Owholemodule";
				VALIDATE_PRODUCT = YES;
			};
			name = Release;
		};
		FA4B111E1F9A41AD00F9C7AC /* Debug */ = {
			isa = XCBuildConfiguration;
			buildSettings = {
				ASSETCATALOG_COMPILER_APPICON_NAME = AppIcon;
				CODE_SIGN_STYLE = Automatic;
				DEVELOPMENT_TEAM = 7TW6282C6A;
				INFOPLIST_FILE = StuffToDO/Info.plist;
				LD_RUNPATH_SEARCH_PATHS = "$(inherited) @executable_path/Frameworks";
				PRODUCT_BUNDLE_IDENTIFIER = com.coutocode.StuffToDO;
				PRODUCT_NAME = "$(TARGET_NAME)";
				SWIFT_VERSION = 4.0;
				TARGETED_DEVICE_FAMILY = "1,2";
			};
			name = Debug;
		};
		FA4B111F1F9A41AD00F9C7AC /* Release */ = {
			isa = XCBuildConfiguration;
			buildSettings = {
				ASSETCATALOG_COMPILER_APPICON_NAME = AppIcon;
				CODE_SIGN_STYLE = Automatic;
				DEVELOPMENT_TEAM = 7TW6282C6A;
				INFOPLIST_FILE = StuffToDO/Info.plist;
				LD_RUNPATH_SEARCH_PATHS = "$(inherited) @executable_path/Frameworks";
				PRODUCT_BUNDLE_IDENTIFIER = com.coutocode.StuffToDO;
				PRODUCT_NAME = "$(TARGET_NAME)";
				SWIFT_VERSION = 4.0;
				TARGETED_DEVICE_FAMILY = "1,2";
			};
			name = Release;
		};
/* End XCBuildConfiguration section */

/* Begin XCConfigurationList section */
		FA4B11031F9A41AC00F9C7AC /* Build configuration list for PBXProject "StuffToDO" */ = {
			isa = XCConfigurationList;
			buildConfigurations = (
				FA4B111B1F9A41AD00F9C7AC /* Debug */,
				FA4B111C1F9A41AD00F9C7AC /* Release */,
			);
			defaultConfigurationIsVisible = 0;
			defaultConfigurationName = Release;
		};
		FA4B111D1F9A41AD00F9C7AC /* Build configuration list for PBXNativeTarget "StuffToDO" */ = {
			isa = XCConfigurationList;
			buildConfigurations = (
				FA4B111E1F9A41AD00F9C7AC /* Debug */,
				FA4B111F1F9A41AD00F9C7AC /* Release */,
			);
			defaultConfigurationIsVisible = 0;
			defaultConfigurationName = Release;
		};
/* End XCConfigurationList section */

/* Begin XCVersionGroup section */
		FA1EED9E1F9A44B400EAD0A3 /* StuffToDO.xcdatamodeld */ = {
			isa = XCVersionGroup;
			children = (
				FA1EED9F1F9A44B400EAD0A3 /* ToDoBot.xcdatamodel */,
			);
			currentVersion = FA1EED9F1F9A44B400EAD0A3 /* ToDoBot.xcdatamodel */;
			path = StuffToDO.xcdatamodeld;
			sourceTree = "<group>";
			versionGroupType = wrapper.xcdatamodel;
		};
/* End XCVersionGroup section */
	};
	rootObject = FA4B11001F9A41AC00F9C7AC /* Project object */;
}
